// !$*UTF8*$!
{
	archiveVersion = 1;
	classes = {
	};
	objectVersion = 46;
	objects = {

/* Begin PBXBuildFile section */
		E49BE3BD1CB9E3FE00426C5F /* main.cpp in Sources */ = {isa = PBXBuildFile; fileRef = E49BE3BC1CB9E3FE00426C5F /* main.cpp */; };
/* End PBXBuildFile section */

/* Begin PBXCopyFilesBuildPhase section */
		E49BE3B71CB9E3FE00426C5F /* CopyFiles */ = {
			isa = PBXCopyFilesBuildPhase;
			buildActionMask = 2147483647;
			dstPath = /usr/share/man/man1/;
			dstSubfolderSpec = 0;
			files = (
			);
			runOnlyForDeploymentPostprocessing = 1;
		};
/* End PBXCopyFilesBuildPhase section */

/* Begin PBXFileReference section */
		E49BE3B91CB9E3FE00426C5F /* Google_b */ = {isa = PBXFileReference; explicitFileType = "compiled.mach-o.executable"; includeInIndex = 0; path = Google_b; sourceTree = BUILT_PRODUCTS_DIR; };
		E49BE3BC1CB9E3FE00426C5F /* main.cpp */ = {isa = PBXFileReference; lastKnownFileType = sourcecode.cpp.cpp; path = main.cpp; sourceTree = "<group>"; };
/* End PBXFileReference section */

/* Begin PBXFrameworksBuildPhase section */
		E49BE3B61CB9E3FE00426C5F /* Frameworks */ = {
			isa = PBXFrameworksBuildPhase;
			buildActionMask = 2147483647;
			files = (
			);
			runOnlyForDeploymentPostprocessing = 0;
		};
/* End PBXFrameworksBuildPhase section */

/* Begin PBXGroup section */
		E49BE3B01CB9E3FE00426C5F = {
			isa = PBXGroup;
			children = (
				E49BE3BB1CB9E3FE00426C5F /* Google_b */,
				E49BE3BA1CB9E3FE00426C5F /* Products */,
			);
			sourceTree = "<group>";
		};
		E49BE3BA1CB9E3FE00426C5F /* Products */ = {
			isa = PBXGroup;
			children = (
				E49BE3B91CB9E3FE00426C5F /* Google_b */,
			);
			name = Products;
			sourceTree = "<group>";
		};
		E49BE3BB1CB9E3FE00426C5F /* Google_b */ = {
			isa = PBXGroup;
			children = (
				E49BE3BC1CB9E3FE00426C5F /* main.cpp */,
			);
			path = Google_b;
			sourceTree = "<group>";
		};
/* End PBXGroup section */

/* Begin PBXNativeTarget section */
		E49BE3B81CB9E3FE00426C5F /* Google_b */ = {
			isa = PBXNativeTarget;
			buildConfigurationList = E49BE3C01CB9E3FE00426C5F /* Build configuration list for PBXNativeTarget "Google_b" */;
			buildPhases = (
				E49BE3B51CB9E3FE00426C5F /* Sources */,
				E49BE3B61CB9E3FE00426C5F /* Frameworks */,
				E49BE3B71CB9E3FE00426C5F /* CopyFiles */,
			);
			buildRules = (
			);
			dependencies = (
			);
			name = Google_b;
			productName = Google_b;
			productReference = E49BE3B91CB9E3FE00426C5F /* Google_b */;
			productType = "com.apple.product-type.tool";
		};
/* End PBXNativeTarget section */

/* Begin PBXProject section */
		E49BE3B11CB9E3FE00426C5F /* Project object */ = {
			isa = PBXProject;
			attributes = {
				LastUpgradeCheck = 0730;
				ORGANIZATIONNAME = MeteorBin;
				TargetAttributes = {
					E49BE3B81CB9E3FE00426C5F = {
						CreatedOnToolsVersion = 7.3;
					};
				};
			};
			buildConfigurationList = E49BE3B41CB9E3FE00426C5F /* Build configuration list for PBXProject "Google_b" */;
			compatibilityVersion = "Xcode 3.2";
			developmentRegion = English;
			hasScannedForEncodings = 0;
			knownRegions = (
				en,
			);
			mainGroup = E49BE3B01CB9E3FE00426C5F;
			productRefGroup = E49BE3BA1CB9E3FE00426C5F /* Products */;
			projectDirPath = "";
			projectRoot = "";
			targets = (
				E49BE3B81CB9E3FE00426C5F /* Google_b */,
			);
		};
/* End PBXProject section */

/* Begin PBXSourcesBuildPhase section */
		E49BE3B51CB9E3FE00426C5F /* Sources */ = {
			isa = PBXSourcesBuildPhase;
			buildActionMask = 2147483647;
			files = (
				E49BE3BD1CB9E3FE00426C5F /* main.cpp in Sources */,
			);
			runOnlyForDeploymentPostprocessing = 0;
		};
/* End PBXSourcesBuildPhase section */

/* Begin XCBuildConfiguration section */
		E49BE3BE1CB9E3FE00426C5F /* Debug */ = {
			isa = XCBuildConfiguration;
			buildSettings = {
				ALWAYS_SEARCH_USER_PATHS = NO;
				CLANG_ANALYZER_NONNULL = YES;
				CLANG_CXX_LANGUAGE_STANDARD = "gnu++0x";
				CLANG_CXX_LIBRARY = "libc++";
				CLANG_ENABLE_MODULES = YES;
				CLANG_ENABLE_OBJC_ARC = YES;
				CLANG_WARN_BOOL_CONVERSION = YES;
				CLANG_WARN_CONSTANT_CONVERSION = YES;
				CLANG_WARN_DIRECT_OBJC_ISA_USAGE = YES_ERROR;
				CLANG_WARN_EMPTY_BODY = YES;
				CLANG_WARN_ENUM_CONVERSION = YES;
				CLANG_WARN_INT_CONVERSION = YES;
				CLANG_WARN_OBJC_ROOT_CLASS = YES_ERROR;
				CLANG_WARN_UNREACHABLE_CODE = YES;
				CLANG_WARN__DUPLICATE_METHOD_MATCH = YES;
				CODE_SIGN_IDENTITY = "-";
				COPY_PHASE_STRIP = NO;
				DEBUG_INFORMATION_FORMAT = dwarf;
				ENABLE_STRICT_OBJC_MSGSEND = YES;
				ENABLE_TESTABILITY = YES;
				GCC_C_LANGUAGE_STANDARD = gnu99;
				GCC_DYNAMIC_NO_PIC = NO;
				GCC_NO_COMMON_BLOCKS = YES;
				GCC_OPTIMIZATION_LEVEL = 0;
				GCC_PREPROCESSOR_DEFINITIONS = (
					"DEBUG=1",
					"$(inherited)",
				);
				GCC_WARN_64_TO_32_BIT_CONVERSION = YES;
				GCC_WARN_ABOUT_RETURN_TYPE = YES_ERROR;
				GCC_WARN_UNDECLARED_SELECTOR = YES;
				GCC_WARN_UNINITIALIZED_AUTOS = YES_AGGRESSIVE;
				GCC_WARN_UNUSED_FUNCTION = YES;
				GCC_WARN_UNUSED_VARIABLE = YES;
				MACOSX_DEPLOYMENT_TARGET = 10.11;
				MTL_ENABLE_DEBUG_INFO = YES;
				ONLY_ACTIVE_ARCH = YES;
				SDKROOT = macosx;
			};
			name = Debug;
		};
		E49BE3BF1CB9E3FE00426C5F /* Release */ = {
			isa = XCBuildConfiguration;
			buildSettings = {
				ALWAYS_SEARCH_USER_PATHS = NO;
				CLANG_ANALYZER_NONNULL = YES;
				CLANG_CXX_LANGUAGE_STANDARD = "gnu++0x";
				CLANG_CXX_LIBRARY = "libc++";
				CLANG_ENABLE_MODULES = YES;
				CLANG_ENABLE_OBJC_ARC = YES;
				CLANG_WARN_BOOL_CONVERSION = YES;
				CLANG_WARN_CONSTANT_CONVERSION = YES;
				CLANG_WARN_DIRECT_OBJC_ISA_USAGE = YES_ERROR;
				CLANG_WARN_EMPTY_BODY = YES;
				CLANG_WARN_ENUM_CONVERSION = YES;
				CLANG_WARN_INT_CONVERSION = YES;
				CLANG_WARN_OBJC_ROOT_CLASS = YES_ERROR;
				CLANG_WARN_UNREACHABLE_CODE = YES;
				CLANG_WARN__DUPLICATE_METHOD_MATCH = YES;
				CODE_SIGN_IDENTITY = "-";
				COPY_PHASE_STRIP = NO;
				DEBUG_INFORMATION_FORMAT = "dwarf-with-dsym";
				ENABLE_NS_ASSERTIONS = NO;
				ENABLE_STRICT_OBJC_MSGSEND = YES;
				GCC_C_LANGUAGE_STANDARD = gnu99;
				GCC_NO_COMMON_BLOCKS = YES;
				GCC_WARN_64_TO_32_BIT_CONVERSION = YES;
				GCC_WARN_ABOUT_RETURN_TYPE = YES_ERROR;
				GCC_WARN_UNDECLARED_SELECTOR = YES;
				GCC_WARN_UNINITIALIZED_AUTOS = YES_AGGRESSIVE;
				GCC_WARN_UNUSED_FUNCTION = YES;
				GCC_WARN_UNUSED_VARIABLE = YES;
				MACOSX_DEPLOYMENT_TARGET = 10.11;
				MTL_ENABLE_DEBUG_INFO = NO;
				SDKROOT = macosx;
			};
			name = Release;
		};
		E49BE3C11CB9E3FE00426C5F /* Debug */ = {
			isa = XCBuildConfiguration;
			buildSettings = {
				PRODUCT_NAME = "$(TARGET_NAME)";
			};
			name = Debug;
		};
		E49BE3C21CB9E3FE00426C5F /* Release */ = {
			isa = XCBuildConfiguration;
			buildSettings = {
				PRODUCT_NAME = "$(TARGET_NAME)";
			};
			name = Release;
		};
/* End XCBuildConfiguration section */

/* Begin XCConfigurationList section */
		E49BE3B41CB9E3FE00426C5F /* Build configuration list for PBXProject "Google_b" */ = {
			isa = XCConfigurationList;
			buildConfigurations = (
				E49BE3BE1CB9E3FE00426C5F /* Debug */,
				E49BE3BF1CB9E3FE00426C5F /* Release */,
			);
			defaultConfigurationIsVisible = 0;
			defaultConfigurationName = Release;
		};
		E49BE3C01CB9E3FE00426C5F /* Build configuration list for PBXNativeTarget "Google_b" */ = {
			isa = XCConfigurationList;
			buildConfigurations = (
				E49BE3C11CB9E3FE00426C5F /* Debug */,
				E49BE3C21CB9E3FE00426C5F /* Release */,
			);
			defaultConfigurationIsVisible = 0;
		};
/* End XCConfigurationList section */
	};
	rootObject = E49BE3B11CB9E3FE00426C5F /* Project object */;
}
